
Microsoft Visual Studio Solution File, Format Version 12.00
# Visual Studio Version 16
VisualStudioVersion = 16.0.28922.388
MinimumVisualStudioVersion = 10.0.40219.1
Project("{FAE04EC0-301F-11D3-BF4B-00C04F79EFBC}") = "Hasidi.Infra", "Hasidi.Infra\Hasidi.Infra.csproj", "{9633E9C8-1D17-405E-AF2D-44ABEE8D23B7}"
EndProject
Project("{FAE04EC0-301F-11D3-BF4B-00C04F79EFBC}") = "Hasidi.Infra.Azure", "Hasidi.Infra.Azure\Hasidi.Infra.Azure.csproj", "{A71B60D4-F30F-429E-BDC8-48568EE282F9}"
EndProject
Global
	GlobalSection(SolutionConfigurationPlatforms) = preSolution
		Debug|Any CPU = Debug|Any CPU
		Release|Any CPU = Release|Any CPU
	EndGlobalSection
	GlobalSection(ProjectConfigurationPlatforms) = postSolution
		{9633E9C8-1D17-405E-AF2D-44ABEE8D23B7}.Debug|Any CPU.ActiveCfg = Debug|Any CPU
		{9633E9C8-1D17-405E-AF2D-44ABEE8D23B7}.Debug|Any CPU.Build.0 = Debug|Any CPU
		{9633E9C8-1D17-405E-AF2D-44ABEE8D23B7}.Release|Any CPU.ActiveCfg = Release|Any CPU
		{9633E9C8-1D17-405E-AF2D-44ABEE8D23B7}.Release|Any CPU.Build.0 = Release|Any CPU
		{A71B60D4-F30F-429E-BDC8-48568EE282F9}.Debug|Any CPU.ActiveCfg = Debug|Any CPU
		{A71B60D4-F30F-429E-BDC8-48568EE282F9}.Debug|Any CPU.Build.0 = Debug|Any CPU
		{A71B60D4-F30F-429E-BDC8-48568EE282F9}.Release|Any CPU.ActiveCfg = Release|Any CPU
		{A71B60D4-F30F-429E-BDC8-48568EE282F9}.Release|Any CPU.Build.0 = Release|Any CPU
	EndGlobalSection
	GlobalSection(SolutionProperties) = preSolution
		HideSolutionNode = FALSE
	EndGlobalSection
	GlobalSection(ExtensibilityGlobals) = postSolution
		SolutionGuid = {0492C124-E25E-445D-97FC-F5AA65F4AD8D}
	EndGlobalSection
EndGlobal
